{
  "originHash" : "67778707d2e8600e17e11c33129a1829f2228255c3fcc8e9b2bfb23ed0064bb5",
  "pins" : [
    {
      "identity" : "kmp-observableviewmodel",
      "kind" : "remoteSourceControl",
      "location" : "https://github.com/rickclephas/KMP-ObservableViewModel.git",
      "state" : {
        "revision" : "4439d3df550aa34e91fb751e6ce77e405db7a20e",
        "version" : "1.0.1"
      }
    }
  ],
  "version" : 3
}
