{
  "pins" : [
    {
      "identity" : "kmp-observableviewmodel",
      "kind" : "remoteSourceControl",
      "location" : "https://github.com/rickclephas/KMP-ObservableViewModel.git",
      "state" : {
        "revision" : "f18dcd23199915f7134db9ef5b0d4425bf4edb91",
        "version" : "1.0.0-BETA-1"
      }
    }
  ],
  "version" : 2
}
