// !$*UTF8*$!
{
	archiveVersion = 1;
	classes = {
	};
	objectVersion = 50;
	objects = {

/* Begin PBXBuildFile section */
		1A11F7982732AE86006E20C5 /* WidgetKit.framework in Frameworks */ = {isa = PBXBuildFile; fileRef = 1A11F7972732AE86006E20C5 /* WidgetKit.framework */; };
		1A11F79A2732AE86006E20C5 /* SwiftUI.framework in Frameworks */ = {isa = PBXBuildFile; fileRef = 1A11F7992732AE86006E20C5 /* SwiftUI.framework */; };
		1A11F79D2732AE86006E20C5 /* BikeShareWidget.swift in Sources */ = {isa = PBXBuildFile; fileRef = 1A11F79C2732AE86006E20C5 /* BikeShareWidget.swift */; };
		1A11F79F2732AE87006E20C5 /* Assets.xcassets in Resources */ = {isa = PBXBuildFile; fileRef = 1A11F79E2732AE87006E20C5 /* Assets.xcassets */; };
		1A11F7A32732AE87006E20C5 /* BikeShareWidgetExtension.appex in Embed App Extensions */ = {isa = PBXBuildFile; fileRef = 1A11F7962732AE86006E20C5 /* BikeShareWidgetExtension.appex */; settings = {ATTRIBUTES = (RemoveHeadersOnCopy, ); }; };
		1A56764C24D351FC0047F88F /* AppDelegate.swift in Sources */ = {isa = PBXBuildFile; fileRef = 1A56764B24D351FC0047F88F /* AppDelegate.swift */; };
		1A56764E24D351FC0047F88F /* SceneDelegate.swift in Sources */ = {isa = PBXBuildFile; fileRef = 1A56764D24D351FC0047F88F /* SceneDelegate.swift */; };
		1A56765024D351FC0047F88F /* ContentView.swift in Sources */ = {isa = PBXBuildFile; fileRef = 1A56764F24D351FC0047F88F /* ContentView.swift */; };
		1A56765224D351FF0047F88F /* Assets.xcassets in Resources */ = {isa = PBXBuildFile; fileRef = 1A56765124D351FF0047F88F /* Assets.xcassets */; };
		1A56765524D351FF0047F88F /* Preview Assets.xcassets in Resources */ = {isa = PBXBuildFile; fileRef = 1A56765424D351FF0047F88F /* Preview Assets.xcassets */; };
		1A56765824D351FF0047F88F /* LaunchScreen.storyboard in Resources */ = {isa = PBXBuildFile; fileRef = 1A56765624D351FF0047F88F /* LaunchScreen.storyboard */; };
		1A56766024D352FA0047F88F /* BikeShareViewModel.swift in Sources */ = {isa = PBXBuildFile; fileRef = 1A56765F24D352FA0047F88F /* BikeShareViewModel.swift */; };
		55DA182342F8C4CBAA714DE7 /* libPods-BikeShareWidgetExtension.a in Frameworks */ = {isa = PBXBuildFile; fileRef = 8A394810C26BD31F4E7565E6 /* libPods-BikeShareWidgetExtension.a */; };
		E466735D144D5438384AFD1B /* libPods-BikeShare.a in Frameworks */ = {isa = PBXBuildFile; fileRef = 1533B9C56F40FE633B732A38 /* libPods-BikeShare.a */; };
/* End PBXBuildFile section */

/* Begin PBXContainerItemProxy section */
		1A11F7A12732AE87006E20C5 /* PBXContainerItemProxy */ = {
			isa = PBXContainerItemProxy;
			containerPortal = 1A56764024D351FC0047F88F /* Project object */;
			proxyType = 1;
			remoteGlobalIDString = 1A11F7952732AE86006E20C5;
			remoteInfo = BikeShareWidgetExtension;
		};
/* End PBXContainerItemProxy section */

/* Begin PBXCopyFilesBuildPhase section */
		1A11F7A42732AE87006E20C5 /* Embed App Extensions */ = {
			isa = PBXCopyFilesBuildPhase;
			buildActionMask = 2147483647;
			dstPath = "";
			dstSubfolderSpec = 13;
			files = (
				1A11F7A32732AE87006E20C5 /* BikeShareWidgetExtension.appex in Embed App Extensions */,
			);
			name = "Embed App Extensions";
			runOnlyForDeploymentPostprocessing = 0;
		};
/* End PBXCopyFilesBuildPhase section */

/* Begin PBXFileReference section */
		14A14EEA56EA3264B7C718B5 /* Pods-BikeShareWidgetExtension.release.xcconfig */ = {isa = PBXFileReference; includeInIndex = 1; lastKnownFileType = text.xcconfig; name = "Pods-BikeShareWidgetExtension.release.xcconfig"; path = "Target Support Files/Pods-BikeShareWidgetExtension/Pods-BikeShareWidgetExtension.release.xcconfig"; sourceTree = "<group>"; };
		1533B9C56F40FE633B732A38 /* libPods-BikeShare.a */ = {isa = PBXFileReference; explicitFileType = archive.ar; includeInIndex = 0; path = "libPods-BikeShare.a"; sourceTree = BUILT_PRODUCTS_DIR; };
		1A11F7962732AE86006E20C5 /* BikeShareWidgetExtension.appex */ = {isa = PBXFileReference; explicitFileType = "wrapper.app-extension"; includeInIndex = 0; path = BikeShareWidgetExtension.appex; sourceTree = BUILT_PRODUCTS_DIR; };
		1A11F7972732AE86006E20C5 /* WidgetKit.framework */ = {isa = PBXFileReference; lastKnownFileType = wrapper.framework; name = WidgetKit.framework; path = System/Library/Frameworks/WidgetKit.framework; sourceTree = SDKROOT; };
		1A11F7992732AE86006E20C5 /* SwiftUI.framework */ = {isa = PBXFileReference; lastKnownFileType = wrapper.framework; name = SwiftUI.framework; path = System/Library/Frameworks/SwiftUI.framework; sourceTree = SDKROOT; };
		1A11F79C2732AE86006E20C5 /* BikeShareWidget.swift */ = {isa = PBXFileReference; lastKnownFileType = sourcecode.swift; path = BikeShareWidget.swift; sourceTree = "<group>"; };
		1A11F79E2732AE87006E20C5 /* Assets.xcassets */ = {isa = PBXFileReference; lastKnownFileType = folder.assetcatalog; path = Assets.xcassets; sourceTree = "<group>"; };
		1A11F7A02732AE87006E20C5 /* Info.plist */ = {isa = PBXFileReference; lastKnownFileType = text.plist.xml; path = Info.plist; sourceTree = "<group>"; };
		1A56764824D351FC0047F88F /* BikeShare.app */ = {isa = PBXFileReference; explicitFileType = wrapper.application; includeInIndex = 0; path = BikeShare.app; sourceTree = BUILT_PRODUCTS_DIR; };
		1A56764B24D351FC0047F88F /* AppDelegate.swift */ = {isa = PBXFileReference; lastKnownFileType = sourcecode.swift; path = AppDelegate.swift; sourceTree = "<group>"; };
		1A56764D24D351FC0047F88F /* SceneDelegate.swift */ = {isa = PBXFileReference; lastKnownFileType = sourcecode.swift; path = SceneDelegate.swift; sourceTree = "<group>"; };
		1A56764F24D351FC0047F88F /* ContentView.swift */ = {isa = PBXFileReference; lastKnownFileType = sourcecode.swift; path = ContentView.swift; sourceTree = "<group>"; };
		1A56765124D351FF0047F88F /* Assets.xcassets */ = {isa = PBXFileReference; lastKnownFileType = folder.assetcatalog; path = Assets.xcassets; sourceTree = "<group>"; };
		1A56765424D351FF0047F88F /* Preview Assets.xcassets */ = {isa = PBXFileReference; lastKnownFileType = folder.assetcatalog; path = "Preview Assets.xcassets"; sourceTree = "<group>"; };
		1A56765724D351FF0047F88F /* Base */ = {isa = PBXFileReference; lastKnownFileType = file.storyboard; name = Base; path = Base.lproj/LaunchScreen.storyboard; sourceTree = "<group>"; };
		1A56765924D351FF0047F88F /* Info.plist */ = {isa = PBXFileReference; lastKnownFileType = text.plist.xml; path = Info.plist; sourceTree = "<group>"; };
		1A56765F24D352FA0047F88F /* BikeShareViewModel.swift */ = {isa = PBXFileReference; lastKnownFileType = sourcecode.swift; path = BikeShareViewModel.swift; sourceTree = "<group>"; };
		243FA330F5FD8E9D0DEE843D /* Pods-BikeShareWidgetExtension.debug.xcconfig */ = {isa = PBXFileReference; includeInIndex = 1; lastKnownFileType = text.xcconfig; name = "Pods-BikeShareWidgetExtension.debug.xcconfig"; path = "Target Support Files/Pods-BikeShareWidgetExtension/Pods-BikeShareWidgetExtension.debug.xcconfig"; sourceTree = "<group>"; };
		8A394810C26BD31F4E7565E6 /* libPods-BikeShareWidgetExtension.a */ = {isa = PBXFileReference; explicitFileType = archive.ar; includeInIndex = 0; path = "libPods-BikeShareWidgetExtension.a"; sourceTree = BUILT_PRODUCTS_DIR; };
		8A8FCC3473D7601FE87B783E /* Pods-BikeShare.debug.xcconfig */ = {isa = PBXFileReference; includeInIndex = 1; lastKnownFileType = text.xcconfig; name = "Pods-BikeShare.debug.xcconfig"; path = "Target Support Files/Pods-BikeShare/Pods-BikeShare.debug.xcconfig"; sourceTree = "<group>"; };
		DE076D81A3256E7A067D36F4 /* Pods-BikeShare.release.xcconfig */ = {isa = PBXFileReference; includeInIndex = 1; lastKnownFileType = text.xcconfig; name = "Pods-BikeShare.release.xcconfig"; path = "Target Support Files/Pods-BikeShare/Pods-BikeShare.release.xcconfig"; sourceTree = "<group>"; };
/* End PBXFileReference section */

/* Begin PBXFrameworksBuildPhase section */
		1A11F7932732AE86006E20C5 /* Frameworks */ = {
			isa = PBXFrameworksBuildPhase;
			buildActionMask = 2147483647;
			files = (
				1A11F79A2732AE86006E20C5 /* SwiftUI.framework in Frameworks */,
				1A11F7982732AE86006E20C5 /* WidgetKit.framework in Frameworks */,
				55DA182342F8C4CBAA714DE7 /* libPods-BikeShareWidgetExtension.a in Frameworks */,
			);
			runOnlyForDeploymentPostprocessing = 0;
		};
		1A56764524D351FC0047F88F /* Frameworks */ = {
			isa = PBXFrameworksBuildPhase;
			buildActionMask = 2147483647;
			files = (
				E466735D144D5438384AFD1B /* libPods-BikeShare.a in Frameworks */,
			);
			runOnlyForDeploymentPostprocessing = 0;
		};
/* End PBXFrameworksBuildPhase section */

/* Begin PBXGroup section */
		1A11F79B2732AE86006E20C5 /* BikeShareWidget */ = {
			isa = PBXGroup;
			children = (
				1A11F79C2732AE86006E20C5 /* BikeShareWidget.swift */,
				1A11F79E2732AE87006E20C5 /* Assets.xcassets */,
				1A11F7A02732AE87006E20C5 /* Info.plist */,
			);
			path = BikeShareWidget;
			sourceTree = "<group>";
		};
		1A56763F24D351FC0047F88F = {
			isa = PBXGroup;
			children = (
				1A56764A24D351FC0047F88F /* BikeShare */,
				1A11F79B2732AE86006E20C5 /* BikeShareWidget */,
				1A56764924D351FC0047F88F /* Products */,
				2B16266B2E9C4220CA269D49 /* Pods */,
				3E7F7EC3ABE0A3DAE509A197 /* Frameworks */,
			);
			sourceTree = "<group>";
		};
		1A56764924D351FC0047F88F /* Products */ = {
			isa = PBXGroup;
			children = (
				1A56764824D351FC0047F88F /* BikeShare.app */,
				1A11F7962732AE86006E20C5 /* BikeShareWidgetExtension.appex */,
			);
			name = Products;
			sourceTree = "<group>";
		};
		1A56764A24D351FC0047F88F /* BikeShare */ = {
			isa = PBXGroup;
			children = (
				1A56764B24D351FC0047F88F /* AppDelegate.swift */,
				1A56764D24D351FC0047F88F /* SceneDelegate.swift */,
				1A56764F24D351FC0047F88F /* ContentView.swift */,
				1A56765124D351FF0047F88F /* Assets.xcassets */,
				1A56765624D351FF0047F88F /* LaunchScreen.storyboard */,
				1A56765924D351FF0047F88F /* Info.plist */,
				1A56765324D351FF0047F88F /* Preview Content */,
				1A56765F24D352FA0047F88F /* BikeShareViewModel.swift */,
			);
			path = BikeShare;
			sourceTree = "<group>";
		};
		1A56765324D351FF0047F88F /* Preview Content */ = {
			isa = PBXGroup;
			children = (
				1A56765424D351FF0047F88F /* Preview Assets.xcassets */,
			);
			path = "Preview Content";
			sourceTree = "<group>";
		};
		2B16266B2E9C4220CA269D49 /* Pods */ = {
			isa = PBXGroup;
			children = (
				8A8FCC3473D7601FE87B783E /* Pods-BikeShare.debug.xcconfig */,
				DE076D81A3256E7A067D36F4 /* Pods-BikeShare.release.xcconfig */,
				243FA330F5FD8E9D0DEE843D /* Pods-BikeShareWidgetExtension.debug.xcconfig */,
				14A14EEA56EA3264B7C718B5 /* Pods-BikeShareWidgetExtension.release.xcconfig */,
			);
			path = Pods;
			sourceTree = "<group>";
		};
		3E7F7EC3ABE0A3DAE509A197 /* Frameworks */ = {
			isa = PBXGroup;
			children = (
				1533B9C56F40FE633B732A38 /* libPods-BikeShare.a */,
				1A11F7972732AE86006E20C5 /* WidgetKit.framework */,
				1A11F7992732AE86006E20C5 /* SwiftUI.framework */,
				8A394810C26BD31F4E7565E6 /* libPods-BikeShareWidgetExtension.a */,
			);
			name = Frameworks;
			sourceTree = "<group>";
		};
/* End PBXGroup section */

/* Begin PBXNativeTarget section */
		1A11F7952732AE86006E20C5 /* BikeShareWidgetExtension */ = {
			isa = PBXNativeTarget;
			buildConfigurationList = 1A11F7A72732AE87006E20C5 /* Build configuration list for PBXNativeTarget "BikeShareWidgetExtension" */;
			buildPhases = (
				F345C9F7F82E664C37564BFE /* [CP] Check Pods Manifest.lock */,
				1A11F7922732AE86006E20C5 /* Sources */,
				1A11F7932732AE86006E20C5 /* Frameworks */,
				1A11F7942732AE86006E20C5 /* Resources */,
			);
			buildRules = (
			);
			dependencies = (
			);
			name = BikeShareWidgetExtension;
			productName = BikeShareWidgetExtension;
			productReference = 1A11F7962732AE86006E20C5 /* BikeShareWidgetExtension.appex */;
			productType = "com.apple.product-type.app-extension";
		};
		1A56764724D351FC0047F88F /* BikeShare */ = {
			isa = PBXNativeTarget;
			buildConfigurationList = 1A56765C24D351FF0047F88F /* Build configuration list for PBXNativeTarget "BikeShare" */;
			buildPhases = (
				9D61C20E261DD7716D4163C7 /* [CP] Check Pods Manifest.lock */,
				1A56764424D351FC0047F88F /* Sources */,
				1A56764524D351FC0047F88F /* Frameworks */,
				1A56764624D351FC0047F88F /* Resources */,
				1A11F7A42732AE87006E20C5 /* Embed App Extensions */,
			);
			buildRules = (
			);
			dependencies = (
				1A11F7A22732AE87006E20C5 /* PBXTargetDependency */,
			);
			name = BikeShare;
			productName = BikeShare;
			productReference = 1A56764824D351FC0047F88F /* BikeShare.app */;
			productType = "com.apple.product-type.application";
		};
/* End PBXNativeTarget section */

/* Begin PBXProject section */
		1A56764024D351FC0047F88F /* Project object */ = {
			isa = PBXProject;
			attributes = {
				LastSwiftUpdateCheck = 1320;
				LastUpgradeCheck = 1160;
				ORGANIZATIONNAME = "John O'Reilly";
				TargetAttributes = {
					1A11F7952732AE86006E20C5 = {
						CreatedOnToolsVersion = 13.2;
					};
					1A56764724D351FC0047F88F = {
						CreatedOnToolsVersion = 11.6;
					};
				};
			};
			buildConfigurationList = 1A56764324D351FC0047F88F /* Build configuration list for PBXProject "BikeShare" */;
			compatibilityVersion = "Xcode 9.3";
			developmentRegion = en;
			hasScannedForEncodings = 0;
			knownRegions = (
				en,
				Base,
			);
			mainGroup = 1A56763F24D351FC0047F88F;
			productRefGroup = 1A56764924D351FC0047F88F /* Products */;
			projectDirPath = "";
			projectRoot = "";
			targets = (
				1A56764724D351FC0047F88F /* BikeShare */,
				1A11F7952732AE86006E20C5 /* BikeShareWidgetExtension */,
			);
		};
/* End PBXProject section */

/* Begin PBXResourcesBuildPhase section */
		1A11F7942732AE86006E20C5 /* Resources */ = {
			isa = PBXResourcesBuildPhase;
			buildActionMask = 2147483647;
			files = (
				1A11F79F2732AE87006E20C5 /* Assets.xcassets in Resources */,
			);
			runOnlyForDeploymentPostprocessing = 0;
		};
		1A56764624D351FC0047F88F /* Resources */ = {
			isa = PBXResourcesBuildPhase;
			buildActionMask = 2147483647;
			files = (
				1A56765824D351FF0047F88F /* LaunchScreen.storyboard in Resources */,
				1A56765524D351FF0047F88F /* Preview Assets.xcassets in Resources */,
				1A56765224D351FF0047F88F /* Assets.xcassets in Resources */,
			);
			runOnlyForDeploymentPostprocessing = 0;
		};
/* End PBXResourcesBuildPhase section */

/* Begin PBXShellScriptBuildPhase section */
		9D61C20E261DD7716D4163C7 /* [CP] Check Pods Manifest.lock */ = {
			isa = PBXShellScriptBuildPhase;
			buildActionMask = 2147483647;
			files = (
			);
			inputFileListPaths = (
			);
			inputPaths = (
				"${PODS_PODFILE_DIR_PATH}/Podfile.lock",
				"${PODS_ROOT}/Manifest.lock",
			);
			name = "[CP] Check Pods Manifest.lock";
			outputFileListPaths = (
			);
			outputPaths = (
				"$(DERIVED_FILE_DIR)/Pods-BikeShare-checkManifestLockResult.txt",
			);
			runOnlyForDeploymentPostprocessing = 0;
			shellPath = /bin/sh;
			shellScript = "diff \"${PODS_PODFILE_DIR_PATH}/Podfile.lock\" \"${PODS_ROOT}/Manifest.lock\" > /dev/null\nif [ $? != 0 ] ; then\n    # print error to STDERR\n    echo \"error: The sandbox is not in sync with the Podfile.lock. Run 'pod install' or update your CocoaPods installation.\" >&2\n    exit 1\nfi\n# This output is used by Xcode 'outputs' to avoid re-running this script phase.\necho \"SUCCESS\" > \"${SCRIPT_OUTPUT_FILE_0}\"\n";
			showEnvVarsInLog = 0;
		};
		F345C9F7F82E664C37564BFE /* [CP] Check Pods Manifest.lock */ = {
			isa = PBXShellScriptBuildPhase;
			buildActionMask = 2147483647;
			files = (
			);
			inputFileListPaths = (
			);
			inputPaths = (
				"${PODS_PODFILE_DIR_PATH}/Podfile.lock",
				"${PODS_ROOT}/Manifest.lock",
			);
			name = "[CP] Check Pods Manifest.lock";
			outputFileListPaths = (
			);
			outputPaths = (
				"$(DERIVED_FILE_DIR)/Pods-BikeShareWidgetExtension-checkManifestLockResult.txt",
			);
			runOnlyForDeploymentPostprocessing = 0;
			shellPath = /bin/sh;
			shellScript = "diff \"${PODS_PODFILE_DIR_PATH}/Podfile.lock\" \"${PODS_ROOT}/Manifest.lock\" > /dev/null\nif [ $? != 0 ] ; then\n    # print error to STDERR\n    echo \"error: The sandbox is not in sync with the Podfile.lock. Run 'pod install' or update your CocoaPods installation.\" >&2\n    exit 1\nfi\n# This output is used by Xcode 'outputs' to avoid re-running this script phase.\necho \"SUCCESS\" > \"${SCRIPT_OUTPUT_FILE_0}\"\n";
			showEnvVarsInLog = 0;
		};
/* End PBXShellScriptBuildPhase section */

/* Begin PBXSourcesBuildPhase section */
		1A11F7922732AE86006E20C5 /* Sources */ = {
			isa = PBXSourcesBuildPhase;
			buildActionMask = 2147483647;
			files = (
				1A11F79D2732AE86006E20C5 /* BikeShareWidget.swift in Sources */,
			);
			runOnlyForDeploymentPostprocessing = 0;
		};
		1A56764424D351FC0047F88F /* Sources */ = {
			isa = PBXSourcesBuildPhase;
			buildActionMask = 2147483647;
			files = (
				1A56764C24D351FC0047F88F /* AppDelegate.swift in Sources */,
				1A56766024D352FA0047F88F /* BikeShareViewModel.swift in Sources */,
				1A56764E24D351FC0047F88F /* SceneDelegate.swift in Sources */,
				1A56765024D351FC0047F88F /* ContentView.swift in Sources */,
			);
			runOnlyForDeploymentPostprocessing = 0;
		};
/* End PBXSourcesBuildPhase section */

/* Begin PBXTargetDependency section */
		1A11F7A22732AE87006E20C5 /* PBXTargetDependency */ = {
			isa = PBXTargetDependency;
			target = 1A11F7952732AE86006E20C5 /* BikeShareWidgetExtension */;
			targetProxy = 1A11F7A12732AE87006E20C5 /* PBXContainerItemProxy */;
		};
/* End PBXTargetDependency section */

/* Begin PBXVariantGroup section */
		1A56765624D351FF0047F88F /* LaunchScreen.storyboard */ = {
			isa = PBXVariantGroup;
			children = (
				1A56765724D351FF0047F88F /* Base */,
			);
			name = LaunchScreen.storyboard;
			sourceTree = "<group>";
		};
/* End PBXVariantGroup section */

/* Begin XCBuildConfiguration section */
		1A11F7A52732AE87006E20C5 /* Debug */ = {
			isa = XCBuildConfiguration;
			baseConfigurationReference = 243FA330F5FD8E9D0DEE843D /* Pods-BikeShareWidgetExtension.debug.xcconfig */;
			buildSettings = {
				ASSETCATALOG_COMPILER_GLOBAL_ACCENT_COLOR_NAME = AccentColor;
				ASSETCATALOG_COMPILER_WIDGET_BACKGROUND_COLOR_NAME = WidgetBackground;
				CLANG_CXX_LANGUAGE_STANDARD = "gnu++17";
				CLANG_WARN_QUOTED_INCLUDE_IN_FRAMEWORK_HEADER = YES;
				CODE_SIGN_STYLE = Automatic;
				CURRENT_PROJECT_VERSION = 1;
				DEVELOPMENT_TEAM = NT77748GS8;
				GENERATE_INFOPLIST_FILE = YES;
				INFOPLIST_FILE = BikeShareWidget/Info.plist;
				INFOPLIST_KEY_CFBundleDisplayName = BikeShareWidget;
				INFOPLIST_KEY_NSHumanReadableCopyright = "Copyright © 2021 John O'Reilly. All rights reserved.";
				IPHONEOS_DEPLOYMENT_TARGET = 15.2;
				LD_RUNPATH_SEARCH_PATHS = (
					"$(inherited)",
					"@executable_path/Frameworks",
					"@executable_path/../../Frameworks",
				);
				MARKETING_VERSION = 1.0;
				PRODUCT_BUNDLE_IDENTIFIER = com.surrus.BikeShare.BikeShareWidget;
				PRODUCT_NAME = "$(TARGET_NAME)";
				SKIP_INSTALL = YES;
				SWIFT_EMIT_LOC_STRINGS = YES;
				SWIFT_VERSION = 5.0;
				TARGETED_DEVICE_FAMILY = "1,2";
			};
			name = Debug;
		};
		1A11F7A62732AE87006E20C5 /* Release */ = {
			isa = XCBuildConfiguration;
			baseConfigurationReference = 14A14EEA56EA3264B7C718B5 /* Pods-BikeShareWidgetExtension.release.xcconfig */;
			buildSettings = {
				ASSETCATALOG_COMPILER_GLOBAL_ACCENT_COLOR_NAME = AccentColor;
				ASSETCATALOG_COMPILER_WIDGET_BACKGROUND_COLOR_NAME = WidgetBackground;
				CLANG_CXX_LANGUAGE_STANDARD = "gnu++17";
				CLANG_WARN_QUOTED_INCLUDE_IN_FRAMEWORK_HEADER = YES;
				CODE_SIGN_STYLE = Automatic;
				CURRENT_PROJECT_VERSION = 1;
				DEVELOPMENT_TEAM = NT77748GS8;
				GENERATE_INFOPLIST_FILE = YES;
				INFOPLIST_FILE = BikeShareWidget/Info.plist;
				INFOPLIST_KEY_CFBundleDisplayName = BikeShareWidget;
				INFOPLIST_KEY_NSHumanReadableCopyright = "Copyright © 2021 John O'Reilly. All rights reserved.";
				IPHONEOS_DEPLOYMENT_TARGET = 15.2;
				LD_RUNPATH_SEARCH_PATHS = (
					"$(inherited)",
					"@executable_path/Frameworks",
					"@executable_path/../../Frameworks",
				);
				MARKETING_VERSION = 1.0;
				PRODUCT_BUNDLE_IDENTIFIER = com.surrus.BikeShare.BikeShareWidget;
				PRODUCT_NAME = "$(TARGET_NAME)";
				SKIP_INSTALL = YES;
				SWIFT_EMIT_LOC_STRINGS = YES;
				SWIFT_VERSION = 5.0;
				TARGETED_DEVICE_FAMILY = "1,2";
			};
			name = Release;
		};
		1A56765A24D351FF0047F88F /* Debug */ = {
			isa = XCBuildConfiguration;
			buildSettings = {
				ALWAYS_SEARCH_USER_PATHS = NO;
				CLANG_ANALYZER_NONNULL = YES;
				CLANG_ANALYZER_NUMBER_OBJECT_CONVERSION = YES_AGGRESSIVE;
				CLANG_CXX_LANGUAGE_STANDARD = "gnu++14";
				CLANG_CXX_LIBRARY = "libc++";
				CLANG_ENABLE_MODULES = YES;
				CLANG_ENABLE_OBJC_ARC = YES;
				CLANG_ENABLE_OBJC_WEAK = YES;
				CLANG_WARN_BLOCK_CAPTURE_AUTORELEASING = YES;
				CLANG_WARN_BOOL_CONVERSION = YES;
				CLANG_WARN_COMMA = YES;
				CLANG_WARN_CONSTANT_CONVERSION = YES;
				CLANG_WARN_DEPRECATED_OBJC_IMPLEMENTATIONS = YES;
				CLANG_WARN_DIRECT_OBJC_ISA_USAGE = YES_ERROR;
				CLANG_WARN_DOCUMENTATION_COMMENTS = YES;
				CLANG_WARN_EMPTY_BODY = YES;
				CLANG_WARN_ENUM_CONVERSION = YES;
				CLANG_WARN_INFINITE_RECURSION = YES;
				CLANG_WARN_INT_CONVERSION = YES;
				CLANG_WARN_NON_LITERAL_NULL_CONVERSION = YES;
				CLANG_WARN_OBJC_IMPLICIT_RETAIN_SELF = YES;
				CLANG_WARN_OBJC_LITERAL_CONVERSION = YES;
				CLANG_WARN_OBJC_ROOT_CLASS = YES_ERROR;
				CLANG_WARN_RANGE_LOOP_ANALYSIS = YES;
				CLANG_WARN_STRICT_PROTOTYPES = YES;
				CLANG_WARN_SUSPICIOUS_MOVE = YES;
				CLANG_WARN_UNGUARDED_AVAILABILITY = YES_AGGRESSIVE;
				CLANG_WARN_UNREACHABLE_CODE = YES;
				CLANG_WARN__DUPLICATE_METHOD_MATCH = YES;
				COPY_PHASE_STRIP = NO;
				DEBUG_INFORMATION_FORMAT = dwarf;
				ENABLE_STRICT_OBJC_MSGSEND = YES;
				ENABLE_TESTABILITY = YES;
				GCC_C_LANGUAGE_STANDARD = gnu11;
				GCC_DYNAMIC_NO_PIC = NO;
				GCC_NO_COMMON_BLOCKS = YES;
				GCC_OPTIMIZATION_LEVEL = 0;
				GCC_PREPROCESSOR_DEFINITIONS = (
					"DEBUG=1",
					"$(inherited)",
				);
				GCC_WARN_64_TO_32_BIT_CONVERSION = YES;
				GCC_WARN_ABOUT_RETURN_TYPE = YES_ERROR;
				GCC_WARN_UNDECLARED_SELECTOR = YES;
				GCC_WARN_UNINITIALIZED_AUTOS = YES_AGGRESSIVE;
				GCC_WARN_UNUSED_FUNCTION = YES;
				GCC_WARN_UNUSED_VARIABLE = YES;
				IPHONEOS_DEPLOYMENT_TARGET = 13.6;
				MTL_ENABLE_DEBUG_INFO = INCLUDE_SOURCE;
				MTL_FAST_MATH = YES;
				ONLY_ACTIVE_ARCH = YES;
				SDKROOT = iphoneos;
				SWIFT_ACTIVE_COMPILATION_CONDITIONS = DEBUG;
				SWIFT_OPTIMIZATION_LEVEL = "-Onone";
			};
			name = Debug;
		};
		1A56765B24D351FF0047F88F /* Release */ = {
			isa = XCBuildConfiguration;
			buildSettings = {
				ALWAYS_SEARCH_USER_PATHS = NO;
				CLANG_ANALYZER_NONNULL = YES;
				CLANG_ANALYZER_NUMBER_OBJECT_CONVERSION = YES_AGGRESSIVE;
				CLANG_CXX_LANGUAGE_STANDARD = "gnu++14";
				CLANG_CXX_LIBRARY = "libc++";
				CLANG_ENABLE_MODULES = YES;
				CLANG_ENABLE_OBJC_ARC = YES;
				CLANG_ENABLE_OBJC_WEAK = YES;
				CLANG_WARN_BLOCK_CAPTURE_AUTORELEASING = YES;
				CLANG_WARN_BOOL_CONVERSION = YES;
				CLANG_WARN_COMMA = YES;
				CLANG_WARN_CONSTANT_CONVERSION = YES;
				CLANG_WARN_DEPRECATED_OBJC_IMPLEMENTATIONS = YES;
				CLANG_WARN_DIRECT_OBJC_ISA_USAGE = YES_ERROR;
				CLANG_WARN_DOCUMENTATION_COMMENTS = YES;
				CLANG_WARN_EMPTY_BODY = YES;
				CLANG_WARN_ENUM_CONVERSION = YES;
				CLANG_WARN_INFINITE_RECURSION = YES;
				CLANG_WARN_INT_CONVERSION = YES;
				CLANG_WARN_NON_LITERAL_NULL_CONVERSION = YES;
				CLANG_WARN_OBJC_IMPLICIT_RETAIN_SELF = YES;
				CLANG_WARN_OBJC_LITERAL_CONVERSION = YES;
				CLANG_WARN_OBJC_ROOT_CLASS = YES_ERROR;
				CLANG_WARN_RANGE_LOOP_ANALYSIS = YES;
				CLANG_WARN_STRICT_PROTOTYPES = YES;
				CLANG_WARN_SUSPICIOUS_MOVE = YES;
				CLANG_WARN_UNGUARDED_AVAILABILITY = YES_AGGRESSIVE;
				CLANG_WARN_UNREACHABLE_CODE = YES;
				CLANG_WARN__DUPLICATE_METHOD_MATCH = YES;
				COPY_PHASE_STRIP = NO;
				DEBUG_INFORMATION_FORMAT = "dwarf-with-dsym";
				ENABLE_NS_ASSERTIONS = NO;
				ENABLE_STRICT_OBJC_MSGSEND = YES;
				GCC_C_LANGUAGE_STANDARD = gnu11;
				GCC_NO_COMMON_BLOCKS = YES;
				GCC_WARN_64_TO_32_BIT_CONVERSION = YES;
				GCC_WARN_ABOUT_RETURN_TYPE = YES_ERROR;
				GCC_WARN_UNDECLARED_SELECTOR = YES;
				GCC_WARN_UNINITIALIZED_AUTOS = YES_AGGRESSIVE;
				GCC_WARN_UNUSED_FUNCTION = YES;
				GCC_WARN_UNUSED_VARIABLE = YES;
				IPHONEOS_DEPLOYMENT_TARGET = 13.6;
				MTL_ENABLE_DEBUG_INFO = NO;
				MTL_FAST_MATH = YES;
				SDKROOT = iphoneos;
				SWIFT_COMPILATION_MODE = wholemodule;
				SWIFT_OPTIMIZATION_LEVEL = "-O";
				VALIDATE_PRODUCT = YES;
			};
			name = Release;
		};
		1A56765D24D351FF0047F88F /* Debug */ = {
			isa = XCBuildConfiguration;
			baseConfigurationReference = 8A8FCC3473D7601FE87B783E /* Pods-BikeShare.debug.xcconfig */;
			buildSettings = {
				ALWAYS_EMBED_SWIFT_STANDARD_LIBRARIES = YES;
				ASSETCATALOG_COMPILER_APPICON_NAME = AppIcon;
				CODE_SIGN_STYLE = Automatic;
				DEVELOPMENT_ASSET_PATHS = "\"BikeShare/Preview Content\"";
				DEVELOPMENT_TEAM = NT77748GS8;
				ENABLE_PREVIEWS = YES;
				INFOPLIST_FILE = BikeShare/Info.plist;
				IPHONEOS_DEPLOYMENT_TARGET = 14.0;
				LD_RUNPATH_SEARCH_PATHS = (
					"$(inherited)",
					"@executable_path/Frameworks",
				);
				PRODUCT_BUNDLE_IDENTIFIER = com.surrus.BikeShare;
				PRODUCT_NAME = "$(TARGET_NAME)";
				SWIFT_VERSION = 5.0;
				TARGETED_DEVICE_FAMILY = "1,2";
			};
			name = Debug;
		};
		1A56765E24D351FF0047F88F /* Release */ = {
			isa = XCBuildConfiguration;
			baseConfigurationReference = DE076D81A3256E7A067D36F4 /* Pods-BikeShare.release.xcconfig */;
			buildSettings = {
				ALWAYS_EMBED_SWIFT_STANDARD_LIBRARIES = YES;
				ASSETCATALOG_COMPILER_APPICON_NAME = AppIcon;
				CODE_SIGN_STYLE = Automatic;
				DEVELOPMENT_ASSET_PATHS = "\"BikeShare/Preview Content\"";
				DEVELOPMENT_TEAM = NT77748GS8;
				ENABLE_PREVIEWS = YES;
				INFOPLIST_FILE = BikeShare/Info.plist;
				IPHONEOS_DEPLOYMENT_TARGET = 14.0;
				LD_RUNPATH_SEARCH_PATHS = (
					"$(inherited)",
					"@executable_path/Frameworks",
				);
				PRODUCT_BUNDLE_IDENTIFIER = com.surrus.BikeShare;
				PRODUCT_NAME = "$(TARGET_NAME)";
				SWIFT_VERSION = 5.0;
				TARGETED_DEVICE_FAMILY = "1,2";
			};
			name = Release;
		};
/* End XCBuildConfiguration section */

/* Begin XCConfigurationList section */
		1A11F7A72732AE87006E20C5 /* Build configuration list for PBXNativeTarget "BikeShareWidgetExtension" */ = {
			isa = XCConfigurationList;
			buildConfigurations = (
				1A11F7A52732AE87006E20C5 /* Debug */,
				1A11F7A62732AE87006E20C5 /* Release */,
			);
			defaultConfigurationIsVisible = 0;
			defaultConfigurationName = Release;
		};
		1A56764324D351FC0047F88F /* Build configuration list for PBXProject "BikeShare" */ = {
			isa = XCConfigurationList;
			buildConfigurations = (
				1A56765A24D351FF0047F88F /* Debug */,
				1A56765B24D351FF0047F88F /* Release */,
			);
			defaultConfigurationIsVisible = 0;
			defaultConfigurationName = Release;
		};
		1A56765C24D351FF0047F88F /* Build configuration list for PBXNativeTarget "BikeShare" */ = {
			isa = XCConfigurationList;
			buildConfigurations = (
				1A56765D24D351FF0047F88F /* Debug */,
				1A56765E24D351FF0047F88F /* Release */,
			);
			defaultConfigurationIsVisible = 0;
			defaultConfigurationName = Release;
		};
/* End XCConfigurationList section */
	};
	rootObject = 1A56764024D351FC0047F88F /* Project object */;
}
