// !$*UTF8*$!
{
	archiveVersion = 1;
	classes = {
	};
	objectVersion = 50;
	objects = {

/* Begin PBXBuildFile section */
		1AAFC72A23819D4B00B32D00 /* AppDelegate.swift in Sources */ = {isa = PBXBuildFile; fileRef = 1AAFC72923819D4B00B32D00 /* AppDelegate.swift */; };
		1AAFC72C23819D4B00B32D00 /* SceneDelegate.swift in Sources */ = {isa = PBXBuildFile; fileRef = 1AAFC72B23819D4B00B32D00 /* SceneDelegate.swift */; };
		1AAFC72E23819D4B00B32D00 /* ContentView.swift in Sources */ = {isa = PBXBuildFile; fileRef = 1AAFC72D23819D4B00B32D00 /* ContentView.swift */; };
		1AAFC73023819D4D00B32D00 /* Assets.xcassets in Resources */ = {isa = PBXBuildFile; fileRef = 1AAFC72F23819D4D00B32D00 /* Assets.xcassets */; };
		1AAFC73323819D4D00B32D00 /* Preview Assets.xcassets in Resources */ = {isa = PBXBuildFile; fileRef = 1AAFC73223819D4D00B32D00 /* Preview Assets.xcassets */; };
		1AAFC73623819D4D00B32D00 /* LaunchScreen.storyboard in Resources */ = {isa = PBXBuildFile; fileRef = 1AAFC73423819D4D00B32D00 /* LaunchScreen.storyboard */; };
		1AAFC73E2381B29E00B32D00 /* ViewModels.swift in Sources */ = {isa = PBXBuildFile; fileRef = 1AAFC73D2381B29E00B32D00 /* ViewModels.swift */; };
		7CBDDADD71B53B089AD05C39 /* libPods-CityBikes.a in Frameworks */ = {isa = PBXBuildFile; fileRef = D2F5FD68A0225DB2AA68548C /* libPods-CityBikes.a */; };
/* End PBXBuildFile section */

/* Begin PBXFileReference section */
		1AAFC72623819D4B00B32D00 /* CityBikes.app */ = {isa = PBXFileReference; explicitFileType = wrapper.application; includeInIndex = 0; path = CityBikes.app; sourceTree = BUILT_PRODUCTS_DIR; };
		1AAFC72923819D4B00B32D00 /* AppDelegate.swift */ = {isa = PBXFileReference; lastKnownFileType = sourcecode.swift; path = AppDelegate.swift; sourceTree = "<group>"; };
		1AAFC72B23819D4B00B32D00 /* SceneDelegate.swift */ = {isa = PBXFileReference; lastKnownFileType = sourcecode.swift; path = SceneDelegate.swift; sourceTree = "<group>"; };
		1AAFC72D23819D4B00B32D00 /* ContentView.swift */ = {isa = PBXFileReference; lastKnownFileType = sourcecode.swift; path = ContentView.swift; sourceTree = "<group>"; };
		1AAFC72F23819D4D00B32D00 /* Assets.xcassets */ = {isa = PBXFileReference; lastKnownFileType = folder.assetcatalog; path = Assets.xcassets; sourceTree = "<group>"; };
		1AAFC73223819D4D00B32D00 /* Preview Assets.xcassets */ = {isa = PBXFileReference; lastKnownFileType = folder.assetcatalog; path = "Preview Assets.xcassets"; sourceTree = "<group>"; };
		1AAFC73523819D4D00B32D00 /* Base */ = {isa = PBXFileReference; lastKnownFileType = file.storyboard; name = Base; path = Base.lproj/LaunchScreen.storyboard; sourceTree = "<group>"; };
		1AAFC73723819D4D00B32D00 /* Info.plist */ = {isa = PBXFileReference; lastKnownFileType = text.plist.xml; path = Info.plist; sourceTree = "<group>"; };
		1AAFC73D2381B29E00B32D00 /* ViewModels.swift */ = {isa = PBXFileReference; lastKnownFileType = sourcecode.swift; path = ViewModels.swift; sourceTree = "<group>"; };
		4F982CA8D1B8E987AEEE3F65 /* Pods-CityBikes.debug.xcconfig */ = {isa = PBXFileReference; includeInIndex = 1; lastKnownFileType = text.xcconfig; name = "Pods-CityBikes.debug.xcconfig"; path = "Target Support Files/Pods-CityBikes/Pods-CityBikes.debug.xcconfig"; sourceTree = "<group>"; };
		B0E9AAECCF45F241A1FE2D30 /* Pods-CityBikes.release.xcconfig */ = {isa = PBXFileReference; includeInIndex = 1; lastKnownFileType = text.xcconfig; name = "Pods-CityBikes.release.xcconfig"; path = "Target Support Files/Pods-CityBikes/Pods-CityBikes.release.xcconfig"; sourceTree = "<group>"; };
		D2F5FD68A0225DB2AA68548C /* libPods-CityBikes.a */ = {isa = PBXFileReference; explicitFileType = archive.ar; includeInIndex = 0; path = "libPods-CityBikes.a"; sourceTree = BUILT_PRODUCTS_DIR; };
/* End PBXFileReference section */

/* Begin PBXFrameworksBuildPhase section */
		1AAFC72323819D4B00B32D00 /* Frameworks */ = {
			isa = PBXFrameworksBuildPhase;
			buildActionMask = 2147483647;
			files = (
				7CBDDADD71B53B089AD05C39 /* libPods-CityBikes.a in Frameworks */,
			);
			runOnlyForDeploymentPostprocessing = 0;
		};
/* End PBXFrameworksBuildPhase section */

/* Begin PBXGroup section */
		1AAFC71D23819D4B00B32D00 = {
			isa = PBXGroup;
			children = (
				1AAFC72823819D4B00B32D00 /* CityBikes */,
				1AAFC72723819D4B00B32D00 /* Products */,
				29D053A89B81925A85CD66A4 /* Pods */,
				E09306DEDEE3C877AE4C2D38 /* Frameworks */,
			);
			sourceTree = "<group>";
		};
		1AAFC72723819D4B00B32D00 /* Products */ = {
			isa = PBXGroup;
			children = (
				1AAFC72623819D4B00B32D00 /* CityBikes.app */,
			);
			name = Products;
			sourceTree = "<group>";
		};
		1AAFC72823819D4B00B32D00 /* CityBikes */ = {
			isa = PBXGroup;
			children = (
				1AAFC72923819D4B00B32D00 /* AppDelegate.swift */,
				1AAFC72B23819D4B00B32D00 /* SceneDelegate.swift */,
				1AAFC72D23819D4B00B32D00 /* ContentView.swift */,
				1AAFC72F23819D4D00B32D00 /* Assets.xcassets */,
				1AAFC73423819D4D00B32D00 /* LaunchScreen.storyboard */,
				1AAFC73723819D4D00B32D00 /* Info.plist */,
				1AAFC73123819D4D00B32D00 /* Preview Content */,
				1AAFC73D2381B29E00B32D00 /* ViewModels.swift */,
			);
			path = CityBikes;
			sourceTree = "<group>";
		};
		1AAFC73123819D4D00B32D00 /* Preview Content */ = {
			isa = PBXGroup;
			children = (
				1AAFC73223819D4D00B32D00 /* Preview Assets.xcassets */,
			);
			path = "Preview Content";
			sourceTree = "<group>";
		};
		29D053A89B81925A85CD66A4 /* Pods */ = {
			isa = PBXGroup;
			children = (
				4F982CA8D1B8E987AEEE3F65 /* Pods-CityBikes.debug.xcconfig */,
				B0E9AAECCF45F241A1FE2D30 /* Pods-CityBikes.release.xcconfig */,
			);
			path = Pods;
			sourceTree = "<group>";
		};
		E09306DEDEE3C877AE4C2D38 /* Frameworks */ = {
			isa = PBXGroup;
			children = (
				D2F5FD68A0225DB2AA68548C /* libPods-CityBikes.a */,
			);
			name = Frameworks;
			sourceTree = "<group>";
		};
/* End PBXGroup section */

/* Begin PBXNativeTarget section */
		1AAFC72523819D4B00B32D00 /* CityBikes */ = {
			isa = PBXNativeTarget;
			buildConfigurationList = 1AAFC73A23819D4D00B32D00 /* Build configuration list for PBXNativeTarget "CityBikes" */;
			buildPhases = (
				8406EF1F2ABD33CC7F1201FA /* [CP] Check Pods Manifest.lock */,
				1AAFC72223819D4B00B32D00 /* Sources */,
				1AAFC72323819D4B00B32D00 /* Frameworks */,
				1AAFC72423819D4B00B32D00 /* Resources */,
			);
			buildRules = (
			);
			dependencies = (
			);
			name = CityBikes;
			productName = CityBikes;
			productReference = 1AAFC72623819D4B00B32D00 /* CityBikes.app */;
			productType = "com.apple.product-type.application";
		};
/* End PBXNativeTarget section */

/* Begin PBXProject section */
		1AAFC71E23819D4B00B32D00 /* Project object */ = {
			isa = PBXProject;
			attributes = {
				LastSwiftUpdateCheck = 1120;
				LastUpgradeCheck = 1120;
				ORGANIZATIONNAME = "John O'Reilly";
				TargetAttributes = {
					1AAFC72523819D4B00B32D00 = {
						CreatedOnToolsVersion = 11.2.1;
					};
				};
			};
			buildConfigurationList = 1AAFC72123819D4B00B32D00 /* Build configuration list for PBXProject "CityBikes" */;
			compatibilityVersion = "Xcode 9.3";
			developmentRegion = en;
			hasScannedForEncodings = 0;
			knownRegions = (
				en,
				Base,
			);
			mainGroup = 1AAFC71D23819D4B00B32D00;
			productRefGroup = 1AAFC72723819D4B00B32D00 /* Products */;
			projectDirPath = "";
			projectRoot = "";
			targets = (
				1AAFC72523819D4B00B32D00 /* CityBikes */,
			);
		};
/* End PBXProject section */

/* Begin PBXResourcesBuildPhase section */
		1AAFC72423819D4B00B32D00 /* Resources */ = {
			isa = PBXResourcesBuildPhase;
			buildActionMask = 2147483647;
			files = (
				1AAFC73623819D4D00B32D00 /* LaunchScreen.storyboard in Resources */,
				1AAFC73323819D4D00B32D00 /* Preview Assets.xcassets in Resources */,
				1AAFC73023819D4D00B32D00 /* Assets.xcassets in Resources */,
			);
			runOnlyForDeploymentPostprocessing = 0;
		};
/* End PBXResourcesBuildPhase section */

/* Begin PBXShellScriptBuildPhase section */
		8406EF1F2ABD33CC7F1201FA /* [CP] Check Pods Manifest.lock */ = {
			isa = PBXShellScriptBuildPhase;
			buildActionMask = 2147483647;
			files = (
			);
			inputFileListPaths = (
			);
			inputPaths = (
				"${PODS_PODFILE_DIR_PATH}/Podfile.lock",
				"${PODS_ROOT}/Manifest.lock",
			);
			name = "[CP] Check Pods Manifest.lock";
			outputFileListPaths = (
			);
			outputPaths = (
				"$(DERIVED_FILE_DIR)/Pods-CityBikes-checkManifestLockResult.txt",
			);
			runOnlyForDeploymentPostprocessing = 0;
			shellPath = /bin/sh;
			shellScript = "diff \"${PODS_PODFILE_DIR_PATH}/Podfile.lock\" \"${PODS_ROOT}/Manifest.lock\" > /dev/null\nif [ $? != 0 ] ; then\n    # print error to STDERR\n    echo \"error: The sandbox is not in sync with the Podfile.lock. Run 'pod install' or update your CocoaPods installation.\" >&2\n    exit 1\nfi\n# This output is used by Xcode 'outputs' to avoid re-running this script phase.\necho \"SUCCESS\" > \"${SCRIPT_OUTPUT_FILE_0}\"\n";
			showEnvVarsInLog = 0;
		};
/* End PBXShellScriptBuildPhase section */

/* Begin PBXSourcesBuildPhase section */
		1AAFC72223819D4B00B32D00 /* Sources */ = {
			isa = PBXSourcesBuildPhase;
			buildActionMask = 2147483647;
			files = (
				1AAFC72A23819D4B00B32D00 /* AppDelegate.swift in Sources */,
				1AAFC72C23819D4B00B32D00 /* SceneDelegate.swift in Sources */,
				1AAFC73E2381B29E00B32D00 /* ViewModels.swift in Sources */,
				1AAFC72E23819D4B00B32D00 /* ContentView.swift in Sources */,
			);
			runOnlyForDeploymentPostprocessing = 0;
		};
/* End PBXSourcesBuildPhase section */

/* Begin PBXVariantGroup section */
		1AAFC73423819D4D00B32D00 /* LaunchScreen.storyboard */ = {
			isa = PBXVariantGroup;
			children = (
				1AAFC73523819D4D00B32D00 /* Base */,
			);
			name = LaunchScreen.storyboard;
			sourceTree = "<group>";
		};
/* End PBXVariantGroup section */

/* Begin XCBuildConfiguration section */
		1AAFC73823819D4D00B32D00 /* Debug */ = {
			isa = XCBuildConfiguration;
			buildSettings = {
				ALWAYS_SEARCH_USER_PATHS = NO;
				CLANG_ANALYZER_NONNULL = YES;
				CLANG_ANALYZER_NUMBER_OBJECT_CONVERSION = YES_AGGRESSIVE;
				CLANG_CXX_LANGUAGE_STANDARD = "gnu++14";
				CLANG_CXX_LIBRARY = "libc++";
				CLANG_ENABLE_MODULES = YES;
				CLANG_ENABLE_OBJC_ARC = YES;
				CLANG_ENABLE_OBJC_WEAK = YES;
				CLANG_WARN_BLOCK_CAPTURE_AUTORELEASING = YES;
				CLANG_WARN_BOOL_CONVERSION = YES;
				CLANG_WARN_COMMA = YES;
				CLANG_WARN_CONSTANT_CONVERSION = YES;
				CLANG_WARN_DEPRECATED_OBJC_IMPLEMENTATIONS = YES;
				CLANG_WARN_DIRECT_OBJC_ISA_USAGE = YES_ERROR;
				CLANG_WARN_DOCUMENTATION_COMMENTS = YES;
				CLANG_WARN_EMPTY_BODY = YES;
				CLANG_WARN_ENUM_CONVERSION = YES;
				CLANG_WARN_INFINITE_RECURSION = YES;
				CLANG_WARN_INT_CONVERSION = YES;
				CLANG_WARN_NON_LITERAL_NULL_CONVERSION = YES;
				CLANG_WARN_OBJC_IMPLICIT_RETAIN_SELF = YES;
				CLANG_WARN_OBJC_LITERAL_CONVERSION = YES;
				CLANG_WARN_OBJC_ROOT_CLASS = YES_ERROR;
				CLANG_WARN_RANGE_LOOP_ANALYSIS = YES;
				CLANG_WARN_STRICT_PROTOTYPES = YES;
				CLANG_WARN_SUSPICIOUS_MOVE = YES;
				CLANG_WARN_UNGUARDED_AVAILABILITY = YES_AGGRESSIVE;
				CLANG_WARN_UNREACHABLE_CODE = YES;
				CLANG_WARN__DUPLICATE_METHOD_MATCH = YES;
				COPY_PHASE_STRIP = NO;
				DEBUG_INFORMATION_FORMAT = dwarf;
				ENABLE_STRICT_OBJC_MSGSEND = YES;
				ENABLE_TESTABILITY = YES;
				GCC_C_LANGUAGE_STANDARD = gnu11;
				GCC_DYNAMIC_NO_PIC = NO;
				GCC_NO_COMMON_BLOCKS = YES;
				GCC_OPTIMIZATION_LEVEL = 0;
				GCC_PREPROCESSOR_DEFINITIONS = (
					"DEBUG=1",
					"$(inherited)",
				);
				GCC_WARN_64_TO_32_BIT_CONVERSION = YES;
				GCC_WARN_ABOUT_RETURN_TYPE = YES_ERROR;
				GCC_WARN_UNDECLARED_SELECTOR = YES;
				GCC_WARN_UNINITIALIZED_AUTOS = YES_AGGRESSIVE;
				GCC_WARN_UNUSED_FUNCTION = YES;
				GCC_WARN_UNUSED_VARIABLE = YES;
				IPHONEOS_DEPLOYMENT_TARGET = 13.2;
				MTL_ENABLE_DEBUG_INFO = INCLUDE_SOURCE;
				MTL_FAST_MATH = YES;
				ONLY_ACTIVE_ARCH = YES;
				SDKROOT = iphoneos;
				SWIFT_ACTIVE_COMPILATION_CONDITIONS = DEBUG;
				SWIFT_OPTIMIZATION_LEVEL = "-Onone";
			};
			name = Debug;
		};
		1AAFC73923819D4D00B32D00 /* Release */ = {
			isa = XCBuildConfiguration;
			buildSettings = {
				ALWAYS_SEARCH_USER_PATHS = NO;
				CLANG_ANALYZER_NONNULL = YES;
				CLANG_ANALYZER_NUMBER_OBJECT_CONVERSION = YES_AGGRESSIVE;
				CLANG_CXX_LANGUAGE_STANDARD = "gnu++14";
				CLANG_CXX_LIBRARY = "libc++";
				CLANG_ENABLE_MODULES = YES;
				CLANG_ENABLE_OBJC_ARC = YES;
				CLANG_ENABLE_OBJC_WEAK = YES;
				CLANG_WARN_BLOCK_CAPTURE_AUTORELEASING = YES;
				CLANG_WARN_BOOL_CONVERSION = YES;
				CLANG_WARN_COMMA = YES;
				CLANG_WARN_CONSTANT_CONVERSION = YES;
				CLANG_WARN_DEPRECATED_OBJC_IMPLEMENTATIONS = YES;
				CLANG_WARN_DIRECT_OBJC_ISA_USAGE = YES_ERROR;
				CLANG_WARN_DOCUMENTATION_COMMENTS = YES;
				CLANG_WARN_EMPTY_BODY = YES;
				CLANG_WARN_ENUM_CONVERSION = YES;
				CLANG_WARN_INFINITE_RECURSION = YES;
				CLANG_WARN_INT_CONVERSION = YES;
				CLANG_WARN_NON_LITERAL_NULL_CONVERSION = YES;
				CLANG_WARN_OBJC_IMPLICIT_RETAIN_SELF = YES;
				CLANG_WARN_OBJC_LITERAL_CONVERSION = YES;
				CLANG_WARN_OBJC_ROOT_CLASS = YES_ERROR;
				CLANG_WARN_RANGE_LOOP_ANALYSIS = YES;
				CLANG_WARN_STRICT_PROTOTYPES = YES;
				CLANG_WARN_SUSPICIOUS_MOVE = YES;
				CLANG_WARN_UNGUARDED_AVAILABILITY = YES_AGGRESSIVE;
				CLANG_WARN_UNREACHABLE_CODE = YES;
				CLANG_WARN__DUPLICATE_METHOD_MATCH = YES;
				COPY_PHASE_STRIP = NO;
				DEBUG_INFORMATION_FORMAT = "dwarf-with-dsym";
				ENABLE_NS_ASSERTIONS = NO;
				ENABLE_STRICT_OBJC_MSGSEND = YES;
				GCC_C_LANGUAGE_STANDARD = gnu11;
				GCC_NO_COMMON_BLOCKS = YES;
				GCC_WARN_64_TO_32_BIT_CONVERSION = YES;
				GCC_WARN_ABOUT_RETURN_TYPE = YES_ERROR;
				GCC_WARN_UNDECLARED_SELECTOR = YES;
				GCC_WARN_UNINITIALIZED_AUTOS = YES_AGGRESSIVE;
				GCC_WARN_UNUSED_FUNCTION = YES;
				GCC_WARN_UNUSED_VARIABLE = YES;
				IPHONEOS_DEPLOYMENT_TARGET = 13.2;
				MTL_ENABLE_DEBUG_INFO = NO;
				MTL_FAST_MATH = YES;
				SDKROOT = iphoneos;
				SWIFT_COMPILATION_MODE = wholemodule;
				SWIFT_OPTIMIZATION_LEVEL = "-O";
				VALIDATE_PRODUCT = YES;
			};
			name = Release;
		};
		1AAFC73B23819D4D00B32D00 /* Debug */ = {
			isa = XCBuildConfiguration;
			baseConfigurationReference = 4F982CA8D1B8E987AEEE3F65 /* Pods-CityBikes.debug.xcconfig */;
			buildSettings = {
				ASSETCATALOG_COMPILER_APPICON_NAME = AppIcon;
				CODE_SIGN_STYLE = Automatic;
				DEVELOPMENT_ASSET_PATHS = "\"CityBikes/Preview Content\"";
				ENABLE_PREVIEWS = YES;
				INFOPLIST_FILE = CityBikes/Info.plist;
				LD_RUNPATH_SEARCH_PATHS = (
					"$(inherited)",
					"@executable_path/Frameworks",
				);
				PRODUCT_BUNDLE_IDENTIFIER = com.surrus.CityBikes;
				PRODUCT_NAME = "$(TARGET_NAME)";
				SWIFT_VERSION = 5.0;
				TARGETED_DEVICE_FAMILY = "1,2";
			};
			name = Debug;
		};
		1AAFC73C23819D4D00B32D00 /* Release */ = {
			isa = XCBuildConfiguration;
			baseConfigurationReference = B0E9AAECCF45F241A1FE2D30 /* Pods-CityBikes.release.xcconfig */;
			buildSettings = {
				ASSETCATALOG_COMPILER_APPICON_NAME = AppIcon;
				CODE_SIGN_STYLE = Automatic;
				DEVELOPMENT_ASSET_PATHS = "\"CityBikes/Preview Content\"";
				ENABLE_PREVIEWS = YES;
				INFOPLIST_FILE = CityBikes/Info.plist;
				LD_RUNPATH_SEARCH_PATHS = (
					"$(inherited)",
					"@executable_path/Frameworks",
				);
				PRODUCT_BUNDLE_IDENTIFIER = com.surrus.CityBikes;
				PRODUCT_NAME = "$(TARGET_NAME)";
				SWIFT_VERSION = 5.0;
				TARGETED_DEVICE_FAMILY = "1,2";
			};
			name = Release;
		};
/* End XCBuildConfiguration section */

/* Begin XCConfigurationList section */
		1AAFC72123819D4B00B32D00 /* Build configuration list for PBXProject "CityBikes" */ = {
			isa = XCConfigurationList;
			buildConfigurations = (
				1AAFC73823819D4D00B32D00 /* Debug */,
				1AAFC73923819D4D00B32D00 /* Release */,
			);
			defaultConfigurationIsVisible = 0;
			defaultConfigurationName = Release;
		};
		1AAFC73A23819D4D00B32D00 /* Build configuration list for PBXNativeTarget "CityBikes" */ = {
			isa = XCConfigurationList;
			buildConfigurations = (
				1AAFC73B23819D4D00B32D00 /* Debug */,
				1AAFC73C23819D4D00B32D00 /* Release */,
			);
			defaultConfigurationIsVisible = 0;
			defaultConfigurationName = Release;
		};
/* End XCConfigurationList section */
	};
	rootObject = 1AAFC71E23819D4B00B32D00 /* Project object */;
}
